
Microsoft Visual Studio Solution File, Format Version 12.00
# Visual Studio Version 17
VisualStudioVersion = 17.10.35013.160
MinimumVisualStudioVersion = 10.0.40219.1
Project("{8BC9CEB8-8B4A-11D0-8D11-00A0C91BC942}") = "Project1", "Project1\Project1.vcxproj", "{DCD2C9B8-160F-45EE-B5B6-77EECDB56932}"
EndProject
Global
	GlobalSection(SolutionConfigurationPlatforms) = preSolution
		Debug|x64 = Debug|x64
		Debug|x86 = Debug|x86
		Release|x64 = Release|x64
		Release|x86 = Release|x86
	EndGlobalSection
	GlobalSection(ProjectConfigurationPlatforms) = postSolution
		{DCD2C9B8-160F-45EE-B5B6-77EECDB56932}.Debug|x64.ActiveCfg = Debug|x64
		{DCD2C9B8-160F-45EE-B5B6-77EECDB56932}.Debug|x64.Build.0 = Debug|x64
		{DCD2C9B8-160F-45EE-B5B6-77EECDB56932}.Debug|x86.ActiveCfg = Debug|Win32
		{DCD2C9B8-160F-45EE-B5B6-77EECDB56932}.Debug|x86.Build.0 = Debug|Win32
		{DCD2C9B8-160F-45EE-B5B6-77EECDB56932}.Release|x64.ActiveCfg = Release|x64
		{DCD2C9B8-160F-45EE-B5B6-77EECDB56932}.Release|x64.Build.0 = Release|x64
		{DCD2C9B8-160F-45EE-B5B6-77EECDB56932}.Release|x86.ActiveCfg = Release|Win32
		{DCD2C9B8-160F-45EE-B5B6-77EECDB56932}.Release|x86.Build.0 = Release|Win32
	EndGlobalSection
	GlobalSection(SolutionProperties) = preSolution
		HideSolutionNode = FALSE
	EndGlobalSection
	GlobalSection(ExtensibilityGlobals) = postSolution
		SolutionGuid = {7B5658B2-CC9B-4D96-84D2-D2F8D773AC11}
	EndGlobalSection
EndGlobal
